PODS:
  - Alamofire (4.0.1)
  - AlamofireImage (3.0.0):
    - Alamofire (~> 4.0)
  - FontAwesomeIconFactory (2.1.1)
  - GooglePlacesAutocomplete (0.3.0)
  - SwiftyJSON (3.1.0)

DEPENDENCIES:
  - Alamofire (= 4.0.1)
  - AlamofireImage (= 3.0.0)
  - FontAwesomeIconFactory
  - GooglePlacesAutocomplete (from `https://github.com/samscam/ios_google_places_autocomplete.git`)
  - SwiftyJSON (= 3.1.0)

EXTERNAL SOURCES:
  GooglePlacesAutocomplete:
    :git: https://github.com/samscam/ios_google_places_autocomplete.git

CHECKOUT OPTIONS:
  GooglePlacesAutocomplete:
    :commit: ec39d32060c02e5901143f23dfc8eb02b5d39370
    :git: https://github.com/samscam/ios_google_places_autocomplete.git

SPEC CHECKSUMS:
  Alamofire: 7682d43245de14874acd142ec137b144aa1dd335
  AlamofireImage: 6594aa1139a67dcd36cde6da79ea4e5b318e60fb
  FontAwesomeIconFactory: bb9ce26d3dd13044854a82d380023c8e7d3ebf1a
  GooglePlacesAutocomplete: f8058281fb25a8792b8940142b7c76e85518d82f
  SwiftyJSON: 29b9f2a64f118c07e691667c2ba1efe536acfe0b

PODFILE CHECKSUM: df6d064c75e15dfbb5b5aab484e6e1880cbd56b0

COCOAPODS: 1.1.0.rc.2
