PODS:
  - Alamofire (1.2.0)
  - FontAwesomeIconFactory (2.1.1)
  - GooglePlacesAutocomplete (0.3.0)
  - SwiftyJSON (2.2.0)

DEPENDENCIES:
  - Alamofire (= 1.2.0)
  - FontAwesomeIconFactory
  - GooglePlacesAutocomplete
  - SwiftyJSON (= 2.2.0)

SPEC CHECKSUMS:
  Alamofire: d765c5c1713aa64106b0228aaa600a1e6851f68d
  FontAwesomeIconFactory: bb9ce26d3dd13044854a82d380023c8e7d3ebf1a
  GooglePlacesAutocomplete: 7694636fce561c9d8ac807b8e490d299a730a633
  SwiftyJSON: 0b3e6c07af17ff745e77e8e9984097b55c956e5c

COCOAPODS: 0.37.2
